
Microsoft Visual Studio Solution File, Format Version 12.00
# Visual Studio Version 16
VisualStudioVersion = 16.0.31321.278
MinimumVisualStudioVersion = 10.0.40219.1
Project("{FAE04EC0-301F-11D3-BF4B-00C04F79EFBC}") = "DemoMediatr.Domain", "DemoMediatr.Domain\DemoMediatr.Domain.csproj", "{5F203CB3-1BA1-43D8-A3DE-9202976716BE}"
EndProject
Project("{FAE04EC0-301F-11D3-BF4B-00C04F79EFBC}") = "DemoMediatr.WebAPI", "DemoMediatr.WebAPI\DemoMediatr.WebAPI.csproj", "{6636E96E-C74E-48DA-8830-8738FA26ABC8}"
EndProject
Project("{FAE04EC0-301F-11D3-BF4B-00C04F79EFBC}") = "DemoMediatr.Data", "DemoMediatr.Data\DemoMediatr.Data.csproj", "{2CDFDB21-046A-4B11-9497-0EB362D81834}"
EndProject
Global
	GlobalSection(SolutionConfigurationPlatforms) = preSolution
		Debug|Any CPU = Debug|Any CPU
		Release|Any CPU = Release|Any CPU
	EndGlobalSection
	GlobalSection(ProjectConfigurationPlatforms) = postSolution
		{5F203CB3-1BA1-43D8-A3DE-9202976716BE}.Debug|Any CPU.ActiveCfg = Debug|Any CPU
		{5F203CB3-1BA1-43D8-A3DE-9202976716BE}.Debug|Any CPU.Build.0 = Debug|Any CPU
		{5F203CB3-1BA1-43D8-A3DE-9202976716BE}.Release|Any CPU.ActiveCfg = Release|Any CPU
		{5F203CB3-1BA1-43D8-A3DE-9202976716BE}.Release|Any CPU.Build.0 = Release|Any CPU
		{6636E96E-C74E-48DA-8830-8738FA26ABC8}.Debug|Any CPU.ActiveCfg = Debug|Any CPU
		{6636E96E-C74E-48DA-8830-8738FA26ABC8}.Debug|Any CPU.Build.0 = Debug|Any CPU
		{6636E96E-C74E-48DA-8830-8738FA26ABC8}.Release|Any CPU.ActiveCfg = Release|Any CPU
		{6636E96E-C74E-48DA-8830-8738FA26ABC8}.Release|Any CPU.Build.0 = Release|Any CPU
		{2CDFDB21-046A-4B11-9497-0EB362D81834}.Debug|Any CPU.ActiveCfg = Debug|Any CPU
		{2CDFDB21-046A-4B11-9497-0EB362D81834}.Debug|Any CPU.Build.0 = Debug|Any CPU
		{2CDFDB21-046A-4B11-9497-0EB362D81834}.Release|Any CPU.ActiveCfg = Release|Any CPU
		{2CDFDB21-046A-4B11-9497-0EB362D81834}.Release|Any CPU.Build.0 = Release|Any CPU
	EndGlobalSection
	GlobalSection(SolutionProperties) = preSolution
		HideSolutionNode = FALSE
	EndGlobalSection
	GlobalSection(ExtensibilityGlobals) = postSolution
		SolutionGuid = {3EA8F910-5236-4596-B8E0-7FF72F580827}
	EndGlobalSection
EndGlobal
